
Microsoft Visual Studio Solution File, Format Version 12.00
# Visual Studio Version 16
VisualStudioVersion = 16.0.30011.22
MinimumVisualStudioVersion = 10.0.40219.1
Project("{FAE04EC0-301F-11D3-BF4B-00C04F79EFBC}") = "Library Management", "Library Management\Library Management.csproj", "{A69D314E-CB38-4B21-9464-1C672195C8F7}"
EndProject
Global
	GlobalSection(SolutionConfigurationPlatforms) = preSolution
		Debug|Any CPU = Debug|Any CPU
		Release|Any CPU = Release|Any CPU
	EndGlobalSection
	GlobalSection(ProjectConfigurationPlatforms) = postSolution
		{A69D314E-CB38-4B21-9464-1C672195C8F7}.Debug|Any CPU.ActiveCfg = Debug|Any CPU
		{A69D314E-CB38-4B21-9464-1C672195C8F7}.Debug|Any CPU.Build.0 = Debug|Any CPU
		{A69D314E-CB38-4B21-9464-1C672195C8F7}.Release|Any CPU.ActiveCfg = Release|Any CPU
		{A69D314E-CB38-4B21-9464-1C672195C8F7}.Release|Any CPU.Build.0 = Release|Any CPU
	EndGlobalSection
	GlobalSection(SolutionProperties) = preSolution
		HideSolutionNode = FALSE
	EndGlobalSection
	GlobalSection(ExtensibilityGlobals) = postSolution
		SolutionGuid = {06EAE732-D3C8-4C74-8F3E-835D0DEC27F7}
	EndGlobalSection
EndGlobal
